
Microsoft Visual Studio Solution File, Format Version 12.00
# Visual Studio Version 17
VisualStudioVersion = 17.8.34205.153
MinimumVisualStudioVersion = 10.0.40219.1
Project("{9A19103F-16F7-4668-BE54-9A1E7A4F7556}") = "Trainers", "Trainers.csproj", "{64214E9C-1FDB-458D-AF82-98A18AA56524}"
EndProject
Project("{FAE04EC0-301F-11D3-BF4B-00C04F79EFBC}") = "DataAccessLayer", "..\DataAccessLayer\DataAccessLayer.csproj", "{84E5216A-7B0E-4DD4-B7DB-DC2D0492C120}"
EndProject
Global
	GlobalSection(SolutionConfigurationPlatforms) = preSolution
		Debug|Any CPU = Debug|Any CPU
		Release|Any CPU = Release|Any CPU
	EndGlobalSection
	GlobalSection(ProjectConfigurationPlatforms) = postSolution
		{64214E9C-1FDB-458D-AF82-98A18AA56524}.Debug|Any CPU.ActiveCfg = Debug|Any CPU
		{64214E9C-1FDB-458D-AF82-98A18AA56524}.Debug|Any CPU.Build.0 = Debug|Any CPU
		{64214E9C-1FDB-458D-AF82-98A18AA56524}.Release|Any CPU.ActiveCfg = Release|Any CPU
		{64214E9C-1FDB-458D-AF82-98A18AA56524}.Release|Any CPU.Build.0 = Release|Any CPU
		{84E5216A-7B0E-4DD4-B7DB-DC2D0492C120}.Debug|Any CPU.ActiveCfg = Debug|Any CPU
		{84E5216A-7B0E-4DD4-B7DB-DC2D0492C120}.Debug|Any CPU.Build.0 = Debug|Any CPU
		{84E5216A-7B0E-4DD4-B7DB-DC2D0492C120}.Release|Any CPU.ActiveCfg = Release|Any CPU
		{84E5216A-7B0E-4DD4-B7DB-DC2D0492C120}.Release|Any CPU.Build.0 = Release|Any CPU
	EndGlobalSection
	GlobalSection(SolutionProperties) = preSolution
		HideSolutionNode = FALSE
	EndGlobalSection
	GlobalSection(ExtensibilityGlobals) = postSolution
		SolutionGuid = {527B2EB9-7AE1-4B46-8516-AA454838CB79}
	EndGlobalSection
EndGlobal
